
Microsoft Visual Studio Solution File, Format Version 12.00
# Visual Studio Version 16
VisualStudioVersion = 16.0.30503.244
MinimumVisualStudioVersion = 10.0.40219.1
Project("{8BC9CEB8-8B4A-11D0-8D11-00A0C91BC942}") = "Intro", "Intro\Intro.vcxproj", "{A337D986-BCF1-4526-81FB-3C78FAC05312}"
EndProject
Project("{8BC9CEB8-8B4A-11D0-8D11-00A0C91BC942}") = "Inheritance", "Inheritance\Inheritance.vcxproj", "{A942CB04-8FA3-4996-B373-BE0C1B1B165E}"
EndProject
Global
	GlobalSection(SolutionConfigurationPlatforms) = preSolution
		Debug|x64 = Debug|x64
		Debug|x86 = Debug|x86
		Release|x64 = Release|x64
		Release|x86 = Release|x86
	EndGlobalSection
	GlobalSection(ProjectConfigurationPlatforms) = postSolution
		{A337D986-BCF1-4526-81FB-3C78FAC05312}.Debug|x64.ActiveCfg = Debug|x64
		{A337D986-BCF1-4526-81FB-3C78FAC05312}.Debug|x64.Build.0 = Debug|x64
		{A337D986-BCF1-4526-81FB-3C78FAC05312}.Debug|x86.ActiveCfg = Debug|Win32
		{A337D986-BCF1-4526-81FB-3C78FAC05312}.Debug|x86.Build.0 = Debug|Win32
		{A337D986-BCF1-4526-81FB-3C78FAC05312}.Release|x64.ActiveCfg = Release|x64
		{A337D986-BCF1-4526-81FB-3C78FAC05312}.Release|x64.Build.0 = Release|x64
		{A337D986-BCF1-4526-81FB-3C78FAC05312}.Release|x86.ActiveCfg = Release|Win32
		{A337D986-BCF1-4526-81FB-3C78FAC05312}.Release|x86.Build.0 = Release|Win32
		{A942CB04-8FA3-4996-B373-BE0C1B1B165E}.Debug|x64.ActiveCfg = Debug|x64
		{A942CB04-8FA3-4996-B373-BE0C1B1B165E}.Debug|x64.Build.0 = Debug|x64
		{A942CB04-8FA3-4996-B373-BE0C1B1B165E}.Debug|x86.ActiveCfg = Debug|Win32
		{A942CB04-8FA3-4996-B373-BE0C1B1B165E}.Debug|x86.Build.0 = Debug|Win32
		{A942CB04-8FA3-4996-B373-BE0C1B1B165E}.Release|x64.ActiveCfg = Release|x64
		{A942CB04-8FA3-4996-B373-BE0C1B1B165E}.Release|x64.Build.0 = Release|x64
		{A942CB04-8FA3-4996-B373-BE0C1B1B165E}.Release|x86.ActiveCfg = Release|Win32
		{A942CB04-8FA3-4996-B373-BE0C1B1B165E}.Release|x86.Build.0 = Release|Win32
	EndGlobalSection
	GlobalSection(SolutionProperties) = preSolution
		HideSolutionNode = FALSE
	EndGlobalSection
	GlobalSection(ExtensibilityGlobals) = postSolution
		SolutionGuid = {0A9786FE-4636-4ED4-A0CB-861159FDE93C}
	EndGlobalSection
EndGlobal
